
Microsoft Visual Studio Solution File, Format Version 12.00
# Visual Studio Version 17
VisualStudioVersion = 17.0.31903.59
MinimumVisualStudioVersion = 10.0.40219.1
Project("{FAE04EC0-301F-11D3-BF4B-00C04F79EFBC}") = "UserManagement.API", "Sources\UserManagement.API\UserManagement.API.csproj", "{C1B2785E-989A-4604-A9F3-E90418CF0C07}"
EndProject
Global
	GlobalSection(SolutionConfigurationPlatforms) = preSolution
		Debug|Any CPU = Debug|Any CPU
		Release|Any CPU = Release|Any CPU
	EndGlobalSection
	GlobalSection(ProjectConfigurationPlatforms) = postSolution
		{C1B2785E-989A-4604-A9F3-E90418CF0C07}.Debug|Any CPU.ActiveCfg = Debug|Any CPU
		{C1B2785E-989A-4604-A9F3-E90418CF0C07}.Debug|Any CPU.Build.0 = Debug|Any CPU
		{C1B2785E-989A-4604-A9F3-E90418CF0C07}.Release|Any CPU.ActiveCfg = Release|Any CPU
		{C1B2785E-989A-4604-A9F3-E90418CF0C07}.Release|Any CPU.Build.0 = Release|Any CPU
	EndGlobalSection
	GlobalSection(SolutionProperties) = preSolution
		HideSolutionNode = FALSE
	EndGlobalSection
	GlobalSection(ExtensibilityGlobals) = postSolution
		SolutionGuid = {E05FD687-02A5-46CC-A171-EF73B6B35EBA}
	EndGlobalSection
EndGlobal
